// !$*UTF8*$!
{
	archiveVersion = 1;
	classes = {
	};
	objectVersion = 56;
	objects = {

/* Begin PBXBuildFile section */
		379902242BEC93F1008B8CC5 /* AppDelegate.swift in Sources */ = {isa = PBXBuildFile; fileRef = 379902232BEC93F1008B8CC5 /* AppDelegate.swift */; };
		379902262BEC93F1008B8CC5 /* SceneDelegate.swift in Sources */ = {isa = PBXBuildFile; fileRef = 379902252BEC93F1008B8CC5 /* SceneDelegate.swift */; };
		379902282BEC93F1008B8CC5 /* ViewController.swift in Sources */ = {isa = PBXBuildFile; fileRef = 379902272BEC93F1008B8CC5 /* ViewController.swift */; };
		3799022B2BEC93F1008B8CC5 /* Base in Resources */ = {isa = PBXBuildFile; fileRef = 3799022A2BEC93F1008B8CC5 /* Base */; };
		3799022D2BEC93F4008B8CC5 /* Assets.xcassets in Resources */ = {isa = PBXBuildFile; fileRef = 3799022C2BEC93F4008B8CC5 /* Assets.xcassets */; };
		379902302BEC93F4008B8CC5 /* Base in Resources */ = {isa = PBXBuildFile; fileRef = 3799022F2BEC93F4008B8CC5 /* Base */; };
		3799023B2BEC93F4008B8CC5 /* PhotoMasterTests.swift in Sources */ = {isa = PBXBuildFile; fileRef = 3799023A2BEC93F4008B8CC5 /* PhotoMasterTests.swift */; };
		379902452BEC93F4008B8CC5 /* PhotoMasterUITests.swift in Sources */ = {isa = PBXBuildFile; fileRef = 379902442BEC93F4008B8CC5 /* PhotoMasterUITests.swift */; };
		379902472BEC93F4008B8CC5 /* PhotoMasterUITestsLaunchTests.swift in Sources */ = {isa = PBXBuildFile; fileRef = 379902462BEC93F4008B8CC5 /* PhotoMasterUITestsLaunchTests.swift */; };
/* End PBXBuildFile section */

/* Begin PBXContainerItemProxy section */
		379902372BEC93F4008B8CC5 /* PBXContainerItemProxy */ = {
			isa = PBXContainerItemProxy;
			containerPortal = 379902182BEC93F1008B8CC5 /* Project object */;
			proxyType = 1;
			remoteGlobalIDString = 3799021F2BEC93F1008B8CC5;
			remoteInfo = PhotoMaster;
		};
		379902412BEC93F4008B8CC5 /* PBXContainerItemProxy */ = {
			isa = PBXContainerItemProxy;
			containerPortal = 379902182BEC93F1008B8CC5 /* Project object */;
			proxyType = 1;
			remoteGlobalIDString = 3799021F2BEC93F1008B8CC5;
			remoteInfo = PhotoMaster;
		};
/* End PBXContainerItemProxy section */

/* Begin PBXFileReference section */
		379902202BEC93F1008B8CC5 /* PhotoMaster.app */ = {isa = PBXFileReference; explicitFileType = wrapper.application; includeInIndex = 0; path = PhotoMaster.app; sourceTree = BUILT_PRODUCTS_DIR; };
		379902232BEC93F1008B8CC5 /* AppDelegate.swift */ = {isa = PBXFileReference; lastKnownFileType = sourcecode.swift; path = AppDelegate.swift; sourceTree = "<group>"; };
		379902252BEC93F1008B8CC5 /* SceneDelegate.swift */ = {isa = PBXFileReference; lastKnownFileType = sourcecode.swift; path = SceneDelegate.swift; sourceTree = "<group>"; };
		379902272BEC93F1008B8CC5 /* ViewController.swift */ = {isa = PBXFileReference; lastKnownFileType = sourcecode.swift; path = ViewController.swift; sourceTree = "<group>"; };
		3799022A2BEC93F1008B8CC5 /* Base */ = {isa = PBXFileReference; lastKnownFileType = file.storyboard; name = Base; path = Base.lproj/Main.storyboard; sourceTree = "<group>"; };
		3799022C2BEC93F4008B8CC5 /* Assets.xcassets */ = {isa = PBXFileReference; lastKnownFileType = folder.assetcatalog; path = Assets.xcassets; sourceTree = "<group>"; };
		3799022F2BEC93F4008B8CC5 /* Base */ = {isa = PBXFileReference; lastKnownFileType = file.storyboard; name = Base; path = Base.lproj/LaunchScreen.storyboard; sourceTree = "<group>"; };
		379902312BEC93F4008B8CC5 /* Info.plist */ = {isa = PBXFileReference; lastKnownFileType = text.plist.xml; path = Info.plist; sourceTree = "<group>"; };
		379902362BEC93F4008B8CC5 /* PhotoMasterTests.xctest */ = {isa = PBXFileReference; explicitFileType = wrapper.cfbundle; includeInIndex = 0; path = PhotoMasterTests.xctest; sourceTree = BUILT_PRODUCTS_DIR; };
		3799023A2BEC93F4008B8CC5 /* PhotoMasterTests.swift */ = {isa = PBXFileReference; lastKnownFileType = sourcecode.swift; path = PhotoMasterTests.swift; sourceTree = "<group>"; };
		379902402BEC93F4008B8CC5 /* PhotoMasterUITests.xctest */ = {isa = PBXFileReference; explicitFileType = wrapper.cfbundle; includeInIndex = 0; path = PhotoMasterUITests.xctest; sourceTree = BUILT_PRODUCTS_DIR; };
		379902442BEC93F4008B8CC5 /* PhotoMasterUITests.swift */ = {isa = PBXFileReference; lastKnownFileType = sourcecode.swift; path = PhotoMasterUITests.swift; sourceTree = "<group>"; };
		379902462BEC93F4008B8CC5 /* PhotoMasterUITestsLaunchTests.swift */ = {isa = PBXFileReference; lastKnownFileType = sourcecode.swift; path = PhotoMasterUITestsLaunchTests.swift; sourceTree = "<group>"; };
/* End PBXFileReference section */

/* Begin PBXFrameworksBuildPhase section */
		3799021D2BEC93F1008B8CC5 /* Frameworks */ = {
			isa = PBXFrameworksBuildPhase;
			buildActionMask = 2147483647;
			files = (
			);
			runOnlyForDeploymentPostprocessing = 0;
		};
		379902332BEC93F4008B8CC5 /* Frameworks */ = {
			isa = PBXFrameworksBuildPhase;
			buildActionMask = 2147483647;
			files = (
			);
			runOnlyForDeploymentPostprocessing = 0;
		};
		3799023D2BEC93F4008B8CC5 /* Frameworks */ = {
			isa = PBXFrameworksBuildPhase;
			buildActionMask = 2147483647;
			files = (
			);
			runOnlyForDeploymentPostprocessing = 0;
		};
/* End PBXFrameworksBuildPhase section */

/* Begin PBXGroup section */
		379902172BEC93F1008B8CC5 = {
			isa = PBXGroup;
			children = (
				379902222BEC93F1008B8CC5 /* PhotoMaster */,
				379902392BEC93F4008B8CC5 /* PhotoMasterTests */,
				379902432BEC93F4008B8CC5 /* PhotoMasterUITests */,
				379902212BEC93F1008B8CC5 /* Products */,
			);
			sourceTree = "<group>";
		};
		379902212BEC93F1008B8CC5 /* Products */ = {
			isa = PBXGroup;
			children = (
				379902202BEC93F1008B8CC5 /* PhotoMaster.app */,
				379902362BEC93F4008B8CC5 /* PhotoMasterTests.xctest */,
				379902402BEC93F4008B8CC5 /* PhotoMasterUITests.xctest */,
			);
			name = Products;
			sourceTree = "<group>";
		};
		379902222BEC93F1008B8CC5 /* PhotoMaster */ = {
			isa = PBXGroup;
			children = (
				379902232BEC93F1008B8CC5 /* AppDelegate.swift */,
				379902252BEC93F1008B8CC5 /* SceneDelegate.swift */,
				379902272BEC93F1008B8CC5 /* ViewController.swift */,
				379902292BEC93F1008B8CC5 /* Main.storyboard */,
				3799022C2BEC93F4008B8CC5 /* Assets.xcassets */,
				3799022E2BEC93F4008B8CC5 /* LaunchScreen.storyboard */,
				379902312BEC93F4008B8CC5 /* Info.plist */,
			);
			path = PhotoMaster;
			sourceTree = "<group>";
		};
		379902392BEC93F4008B8CC5 /* PhotoMasterTests */ = {
			isa = PBXGroup;
			children = (
				3799023A2BEC93F4008B8CC5 /* PhotoMasterTests.swift */,
			);
			path = PhotoMasterTests;
			sourceTree = "<group>";
		};
		379902432BEC93F4008B8CC5 /* PhotoMasterUITests */ = {
			isa = PBXGroup;
			children = (
				379902442BEC93F4008B8CC5 /* PhotoMasterUITests.swift */,
				379902462BEC93F4008B8CC5 /* PhotoMasterUITestsLaunchTests.swift */,
			);
			path = PhotoMasterUITests;
			sourceTree = "<group>";
		};
/* End PBXGroup section */

/* Begin PBXNativeTarget section */
		3799021F2BEC93F1008B8CC5 /* PhotoMaster */ = {
			isa = PBXNativeTarget;
			buildConfigurationList = 3799024A2BEC93F4008B8CC5 /* Build configuration list for PBXNativeTarget "PhotoMaster" */;
			buildPhases = (
				3799021C2BEC93F1008B8CC5 /* Sources */,
				3799021D2BEC93F1008B8CC5 /* Frameworks */,
				3799021E2BEC93F1008B8CC5 /* Resources */,
			);
			buildRules = (
			);
			dependencies = (
			);
			name = PhotoMaster;
			productName = PhotoMaster;
			productReference = 379902202BEC93F1008B8CC5 /* PhotoMaster.app */;
			productType = "com.apple.product-type.application";
		};
		379902352BEC93F4008B8CC5 /* PhotoMasterTests */ = {
			isa = PBXNativeTarget;
			buildConfigurationList = 3799024D2BEC93F4008B8CC5 /* Build configuration list for PBXNativeTarget "PhotoMasterTests" */;
			buildPhases = (
				379902322BEC93F4008B8CC5 /* Sources */,
				379902332BEC93F4008B8CC5 /* Frameworks */,
				379902342BEC93F4008B8CC5 /* Resources */,
			);
			buildRules = (
			);
			dependencies = (
				379902382BEC93F4008B8CC5 /* PBXTargetDependency */,
			);
			name = PhotoMasterTests;
			productName = PhotoMasterTests;
			productReference = 379902362BEC93F4008B8CC5 /* PhotoMasterTests.xctest */;
			productType = "com.apple.product-type.bundle.unit-test";
		};
		3799023F2BEC93F4008B8CC5 /* PhotoMasterUITests */ = {
			isa = PBXNativeTarget;
			buildConfigurationList = 379902502BEC93F4008B8CC5 /* Build configuration list for PBXNativeTarget "PhotoMasterUITests" */;
			buildPhases = (
				3799023C2BEC93F4008B8CC5 /* Sources */,
				3799023D2BEC93F4008B8CC5 /* Frameworks */,
				3799023E2BEC93F4008B8CC5 /* Resources */,
			);
			buildRules = (
			);
			dependencies = (
				379902422BEC93F4008B8CC5 /* PBXTargetDependency */,
			);
			name = PhotoMasterUITests;
			productName = PhotoMasterUITests;
			productReference = 379902402BEC93F4008B8CC5 /* PhotoMasterUITests.xctest */;
			productType = "com.apple.product-type.bundle.ui-testing";
		};
/* End PBXNativeTarget section */

/* Begin PBXProject section */
		379902182BEC93F1008B8CC5 /* Project object */ = {
			isa = PBXProject;
			attributes = {
				BuildIndependentTargetsInParallel = 1;
				LastSwiftUpdateCheck = 1530;
				LastUpgradeCheck = 1530;
				TargetAttributes = {
					3799021F2BEC93F1008B8CC5 = {
						CreatedOnToolsVersion = 15.3;
					};
					379902352BEC93F4008B8CC5 = {
						CreatedOnToolsVersion = 15.3;
						TestTargetID = 3799021F2BEC93F1008B8CC5;
					};
					3799023F2BEC93F4008B8CC5 = {
						CreatedOnToolsVersion = 15.3;
						TestTargetID = 3799021F2BEC93F1008B8CC5;
					};
				};
			};
			buildConfigurationList = 3799021B2BEC93F1008B8CC5 /* Build configuration list for PBXProject "PhotoMaster" */;
			compatibilityVersion = "Xcode 14.0";
			developmentRegion = en;
			hasScannedForEncodings = 0;
			knownRegions = (
				en,
				Base,
			);
			mainGroup = 379902172BEC93F1008B8CC5;
			productRefGroup = 379902212BEC93F1008B8CC5 /* Products */;
			projectDirPath = "";
			projectRoot = "";
			targets = (
				3799021F2BEC93F1008B8CC5 /* PhotoMaster */,
				379902352BEC93F4008B8CC5 /* PhotoMasterTests */,
				3799023F2BEC93F4008B8CC5 /* PhotoMasterUITests */,
			);
		};
/* End PBXProject section */

/* Begin PBXResourcesBuildPhase section */
		3799021E2BEC93F1008B8CC5 /* Resources */ = {
			isa = PBXResourcesBuildPhase;
			buildActionMask = 2147483647;
			files = (
				3799022D2BEC93F4008B8CC5 /* Assets.xcassets in Resources */,
				379902302BEC93F4008B8CC5 /* Base in Resources */,
				3799022B2BEC93F1008B8CC5 /* Base in Resources */,
			);
			runOnlyForDeploymentPostprocessing = 0;
		};
		379902342BEC93F4008B8CC5 /* Resources */ = {
			isa = PBXResourcesBuildPhase;
			buildActionMask = 2147483647;
			files = (
			);
			runOnlyForDeploymentPostprocessing = 0;
		};
		3799023E2BEC93F4008B8CC5 /* Resources */ = {
			isa = PBXResourcesBuildPhase;
			buildActionMask = 2147483647;
			files = (
			);
			runOnlyForDeploymentPostprocessing = 0;
		};
/* End PBXResourcesBuildPhase section */

/* Begin PBXSourcesBuildPhase section */
		3799021C2BEC93F1008B8CC5 /* Sources */ = {
			isa = PBXSourcesBuildPhase;
			buildActionMask = 2147483647;
			files = (
				379902282BEC93F1008B8CC5 /* ViewController.swift in Sources */,
				379902242BEC93F1008B8CC5 /* AppDelegate.swift in Sources */,
				379902262BEC93F1008B8CC5 /* SceneDelegate.swift in Sources */,
			);
			runOnlyForDeploymentPostprocessing = 0;
		};
		379902322BEC93F4008B8CC5 /* Sources */ = {
			isa = PBXSourcesBuildPhase;
			buildActionMask = 2147483647;
			files = (
				3799023B2BEC93F4008B8CC5 /* PhotoMasterTests.swift in Sources */,
			);
			runOnlyForDeploymentPostprocessing = 0;
		};
		3799023C2BEC93F4008B8CC5 /* Sources */ = {
			isa = PBXSourcesBuildPhase;
			buildActionMask = 2147483647;
			files = (
				379902452BEC93F4008B8CC5 /* PhotoMasterUITests.swift in Sources */,
				379902472BEC93F4008B8CC5 /* PhotoMasterUITestsLaunchTests.swift in Sources */,
			);
			runOnlyForDeploymentPostprocessing = 0;
		};
/* End PBXSourcesBuildPhase section */

/* Begin PBXTargetDependency section */
		379902382BEC93F4008B8CC5 /* PBXTargetDependency */ = {
			isa = PBXTargetDependency;
			target = 3799021F2BEC93F1008B8CC5 /* PhotoMaster */;
			targetProxy = 379902372BEC93F4008B8CC5 /* PBXContainerItemProxy */;
		};
		379902422BEC93F4008B8CC5 /* PBXTargetDependency */ = {
			isa = PBXTargetDependency;
			target = 3799021F2BEC93F1008B8CC5 /* PhotoMaster */;
			targetProxy = 379902412BEC93F4008B8CC5 /* PBXContainerItemProxy */;
		};
/* End PBXTargetDependency section */

/* Begin PBXVariantGroup section */
		379902292BEC93F1008B8CC5 /* Main.storyboard */ = {
			isa = PBXVariantGroup;
			children = (
				3799022A2BEC93F1008B8CC5 /* Base */,
			);
			name = Main.storyboard;
			sourceTree = "<group>";
		};
		3799022E2BEC93F4008B8CC5 /* LaunchScreen.storyboard */ = {
			isa = PBXVariantGroup;
			children = (
				3799022F2BEC93F4008B8CC5 /* Base */,
			);
			name = LaunchScreen.storyboard;
			sourceTree = "<group>";
		};
/* End PBXVariantGroup section */

/* Begin XCBuildConfiguration section */
		379902482BEC93F4008B8CC5 /* Debug */ = {
			isa = XCBuildConfiguration;
			buildSettings = {
				ALWAYS_SEARCH_USER_PATHS = NO;
				ASSETCATALOG_COMPILER_GENERATE_SWIFT_ASSET_SYMBOL_EXTENSIONS = YES;
				CLANG_ANALYZER_NONNULL = YES;
				CLANG_ANALYZER_NUMBER_OBJECT_CONVERSION = YES_AGGRESSIVE;
				CLANG_CXX_LANGUAGE_STANDARD = "gnu++20";
				CLANG_ENABLE_MODULES = YES;
				CLANG_ENABLE_OBJC_ARC = YES;
				CLANG_ENABLE_OBJC_WEAK = YES;
				CLANG_WARN_BLOCK_CAPTURE_AUTORELEASING = YES;
				CLANG_WARN_BOOL_CONVERSION = YES;
				CLANG_WARN_COMMA = YES;
				CLANG_WARN_CONSTANT_CONVERSION = YES;
				CLANG_WARN_DEPRECATED_OBJC_IMPLEMENTATIONS = YES;
				CLANG_WARN_DIRECT_OBJC_ISA_USAGE = YES_ERROR;
				CLANG_WARN_DOCUMENTATION_COMMENTS = YES;
				CLANG_WARN_EMPTY_BODY = YES;
				CLANG_WARN_ENUM_CONVERSION = YES;
				CLANG_WARN_INFINITE_RECURSION = YES;
				CLANG_WARN_INT_CONVERSION = YES;
				CLANG_WARN_NON_LITERAL_NULL_CONVERSION = YES;
				CLANG_WARN_OBJC_IMPLICIT_RETAIN_SELF = YES;
				CLANG_WARN_OBJC_LITERAL_CONVERSION = YES;
				CLANG_WARN_OBJC_ROOT_CLASS = YES_ERROR;
				CLANG_WARN_QUOTED_INCLUDE_IN_FRAMEWORK_HEADER = YES;
				CLANG_WARN_RANGE_LOOP_ANALYSIS = YES;
				CLANG_WARN_STRICT_PROTOTYPES = YES;
				CLANG_WARN_SUSPICIOUS_MOVE = YES;
				CLANG_WARN_UNGUARDED_AVAILABILITY = YES_AGGRESSIVE;
				CLANG_WARN_UNREACHABLE_CODE = YES;
				CLANG_WARN__DUPLICATE_METHOD_MATCH = YES;
				COPY_PHASE_STRIP = NO;
				DEBUG_INFORMATION_FORMAT = dwarf;
				ENABLE_STRICT_OBJC_MSGSEND = YES;
				ENABLE_TESTABILITY = YES;
				ENABLE_USER_SCRIPT_SANDBOXING = YES;
				GCC_C_LANGUAGE_STANDARD = gnu17;
				GCC_DYNAMIC_NO_PIC = NO;
				GCC_NO_COMMON_BLOCKS = YES;
				GCC_OPTIMIZATION_LEVEL = 0;
				GCC_PREPROCESSOR_DEFINITIONS = (
					"DEBUG=1",
					"$(inherited)",
				);
				GCC_WARN_64_TO_32_BIT_CONVERSION = YES;
				GCC_WARN_ABOUT_RETURN_TYPE = YES_ERROR;
				GCC_WARN_UNDECLARED_SELECTOR = YES;
				GCC_WARN_UNINITIALIZED_AUTOS = YES_AGGRESSIVE;
				GCC_WARN_UNUSED_FUNCTION = YES;
				GCC_WARN_UNUSED_VARIABLE = YES;
				IPHONEOS_DEPLOYMENT_TARGET = 17.4;
				LOCALIZATION_PREFERS_STRING_CATALOGS = YES;
				MTL_ENABLE_DEBUG_INFO = INCLUDE_SOURCE;
				MTL_FAST_MATH = YES;
				ONLY_ACTIVE_ARCH = YES;
				SDKROOT = iphoneos;
				SWIFT_ACTIVE_COMPILATION_CONDITIONS = "DEBUG $(inherited)";
				SWIFT_OPTIMIZATION_LEVEL = "-Onone";
			};
			name = Debug;
		};
		379902492BEC93F4008B8CC5 /* Release */ = {
			isa = XCBuildConfiguration;
			buildSettings = {
				ALWAYS_SEARCH_USER_PATHS = NO;
				ASSETCATALOG_COMPILER_GENERATE_SWIFT_ASSET_SYMBOL_EXTENSIONS = YES;
				CLANG_ANALYZER_NONNULL = YES;
				CLANG_ANALYZER_NUMBER_OBJECT_CONVERSION = YES_AGGRESSIVE;
				CLANG_CXX_LANGUAGE_STANDARD = "gnu++20";
				CLANG_ENABLE_MODULES = YES;
				CLANG_ENABLE_OBJC_ARC = YES;
				CLANG_ENABLE_OBJC_WEAK = YES;
				CLANG_WARN_BLOCK_CAPTURE_AUTORELEASING = YES;
				CLANG_WARN_BOOL_CONVERSION = YES;
				CLANG_WARN_COMMA = YES;
				CLANG_WARN_CONSTANT_CONVERSION = YES;
				CLANG_WARN_DEPRECATED_OBJC_IMPLEMENTATIONS = YES;
				CLANG_WARN_DIRECT_OBJC_ISA_USAGE = YES_ERROR;
				CLANG_WARN_DOCUMENTATION_COMMENTS = YES;
				CLANG_WARN_EMPTY_BODY = YES;
				CLANG_WARN_ENUM_CONVERSION = YES;
				CLANG_WARN_INFINITE_RECURSION = YES;
				CLANG_WARN_INT_CONVERSION = YES;
				CLANG_WARN_NON_LITERAL_NULL_CONVERSION = YES;
				CLANG_WARN_OBJC_IMPLICIT_RETAIN_SELF = YES;
				CLANG_WARN_OBJC_LITERAL_CONVERSION = YES;
				CLANG_WARN_OBJC_ROOT_CLASS = YES_ERROR;
				CLANG_WARN_QUOTED_INCLUDE_IN_FRAMEWORK_HEADER = YES;
				CLANG_WARN_RANGE_LOOP_ANALYSIS = YES;
				CLANG_WARN_STRICT_PROTOTYPES = YES;
				CLANG_WARN_SUSPICIOUS_MOVE = YES;
				CLANG_WARN_UNGUARDED_AVAILABILITY = YES_AGGRESSIVE;
				CLANG_WARN_UNREACHABLE_CODE = YES;
				CLANG_WARN__DUPLICATE_METHOD_MATCH = YES;
				COPY_PHASE_STRIP = NO;
				DEBUG_INFORMATION_FORMAT = "dwarf-with-dsym";
				ENABLE_NS_ASSERTIONS = NO;
				ENABLE_STRICT_OBJC_MSGSEND = YES;
				ENABLE_USER_SCRIPT_SANDBOXING = YES;
				GCC_C_LANGUAGE_STANDARD = gnu17;
				GCC_NO_COMMON_BLOCKS = YES;
				GCC_WARN_64_TO_32_BIT_CONVERSION = YES;
				GCC_WARN_ABOUT_RETURN_TYPE = YES_ERROR;
				GCC_WARN_UNDECLARED_SELECTOR = YES;
				GCC_WARN_UNINITIALIZED_AUTOS = YES_AGGRESSIVE;
				GCC_WARN_UNUSED_FUNCTION = YES;
				GCC_WARN_UNUSED_VARIABLE = YES;
				IPHONEOS_DEPLOYMENT_TARGET = 17.4;
				LOCALIZATION_PREFERS_STRING_CATALOGS = YES;
				MTL_ENABLE_DEBUG_INFO = NO;
				MTL_FAST_MATH = YES;
				SDKROOT = iphoneos;
				SWIFT_COMPILATION_MODE = wholemodule;
				VALIDATE_PRODUCT = YES;
			};
			name = Release;
		};
		3799024B2BEC93F4008B8CC5 /* Debug */ = {
			isa = XCBuildConfiguration;
			buildSettings = {
				ASSETCATALOG_COMPILER_APPICON_NAME = AppIcon;
				ASSETCATALOG_COMPILER_GLOBAL_ACCENT_COLOR_NAME = AccentColor;
				CODE_SIGN_IDENTITY = "Apple Development";
				CODE_SIGN_STYLE = Automatic;
				CURRENT_PROJECT_VERSION = 1;
				DEVELOPMENT_TEAM = L3CL7A9YM2;
				GENERATE_INFOPLIST_FILE = YES;
				INFOPLIST_FILE = PhotoMaster/Info.plist;
				INFOPLIST_KEY_NSCameraUsageDescription = "アプリ内で編集する画像を撮るためにカメラを起動します";
				INFOPLIST_KEY_NSPhotoLibraryAddUsageDescription = "編集した画像をフォトライブラリに保存します";
				INFOPLIST_KEY_NSPhotoLibraryUsageDescription = "アプリ内で編集する画像をフォトライブラリから呼び出します";
				INFOPLIST_KEY_UIApplicationSupportsIndirectInputEvents = YES;
				INFOPLIST_KEY_UILaunchStoryboardName = LaunchScreen;
				INFOPLIST_KEY_UIMainStoryboardFile = Main;
				INFOPLIST_KEY_UISupportedInterfaceOrientations_iPad = "UIInterfaceOrientationPortrait UIInterfaceOrientationPortraitUpsideDown UIInterfaceOrientationLandscapeLeft UIInterfaceOrientationLandscapeRight";
				INFOPLIST_KEY_UISupportedInterfaceOrientations_iPhone = "UIInterfaceOrientationPortrait UIInterfaceOrientationLandscapeLeft UIInterfaceOrientationLandscapeRight";
				LD_RUNPATH_SEARCH_PATHS = (
					"$(inherited)",
					"@executable_path/Frameworks",
				);
				MARKETING_VERSION = 1.0;
				PRODUCT_BUNDLE_IDENTIFIER = app.Usui.Crayon.PhotoMaster;
				PRODUCT_NAME = "$(TARGET_NAME)";
				PROVISIONING_PROFILE_SPECIFIER = "";
				SWIFT_EMIT_LOC_STRINGS = YES;
				SWIFT_VERSION = 5.0;
				TARGETED_DEVICE_FAMILY = "1,2";
			};
			name = Debug;
		};
		3799024C2BEC93F4008B8CC5 /* Release */ = {
			isa = XCBuildConfiguration;
			buildSettings = {
				ASSETCATALOG_COMPILER_APPICON_NAME = AppIcon;
				ASSETCATALOG_COMPILER_GLOBAL_ACCENT_COLOR_NAME = AccentColor;
				CODE_SIGN_IDENTITY = "Apple Development";
				CODE_SIGN_STYLE = Automatic;
				CURRENT_PROJECT_VERSION = 1;
				DEVELOPMENT_TEAM = L3CL7A9YM2;
				GENERATE_INFOPLIST_FILE = YES;
				INFOPLIST_FILE = PhotoMaster/Info.plist;
				INFOPLIST_KEY_NSCameraUsageDescription = "アプリ内で編集する画像を撮るためにカメラを起動します";
				INFOPLIST_KEY_NSPhotoLibraryAddUsageDescription = "編集した画像をフォトライブラリに保存します";
				INFOPLIST_KEY_NSPhotoLibraryUsageDescription = "アプリ内で編集する画像をフォトライブラリから呼び出します";
				INFOPLIST_KEY_UIApplicationSupportsIndirectInputEvents = YES;
				INFOPLIST_KEY_UILaunchStoryboardName = LaunchScreen;
				INFOPLIST_KEY_UIMainStoryboardFile = Main;
				INFOPLIST_KEY_UISupportedInterfaceOrientations_iPad = "UIInterfaceOrientationPortrait UIInterfaceOrientationPortraitUpsideDown UIInterfaceOrientationLandscapeLeft UIInterfaceOrientationLandscapeRight";
				INFOPLIST_KEY_UISupportedInterfaceOrientations_iPhone = "UIInterfaceOrientationPortrait UIInterfaceOrientationLandscapeLeft UIInterfaceOrientationLandscapeRight";
				LD_RUNPATH_SEARCH_PATHS = (
					"$(inherited)",
					"@executable_path/Frameworks",
				);
				MARKETING_VERSION = 1.0;
				PRODUCT_BUNDLE_IDENTIFIER = app.Usui.Crayon.PhotoMaster;
				PRODUCT_NAME = "$(TARGET_NAME)";
				PROVISIONING_PROFILE_SPECIFIER = "";
				SWIFT_EMIT_LOC_STRINGS = YES;
				SWIFT_VERSION = 5.0;
				TARGETED_DEVICE_FAMILY = "1,2";
			};
			name = Release;
		};
		3799024E2BEC93F4008B8CC5 /* Debug */ = {
			isa = XCBuildConfiguration;
			buildSettings = {
				ALWAYS_EMBED_SWIFT_STANDARD_LIBRARIES = YES;
				BUNDLE_LOADER = "$(TEST_HOST)";
				CODE_SIGN_STYLE = Automatic;
				CURRENT_PROJECT_VERSION = 1;
				GENERATE_INFOPLIST_FILE = YES;
				IPHONEOS_DEPLOYMENT_TARGET = 17.4;
				MARKETING_VERSION = 1.0;
				PRODUCT_BUNDLE_IDENTIFIER = app.Usui.Crayon.PhotoMasterTests;
				PRODUCT_NAME = "$(TARGET_NAME)";
				SWIFT_EMIT_LOC_STRINGS = NO;
				SWIFT_VERSION = 5.0;
				TARGETED_DEVICE_FAMILY = "1,2";
				TEST_HOST = "$(BUILT_PRODUCTS_DIR)/PhotoMaster.app/$(BUNDLE_EXECUTABLE_FOLDER_PATH)/PhotoMaster";
			};
			name = Debug;
		};
		3799024F2BEC93F4008B8CC5 /* Release */ = {
			isa = XCBuildConfiguration;
			buildSettings = {
				ALWAYS_EMBED_SWIFT_STANDARD_LIBRARIES = YES;
				BUNDLE_LOADER = "$(TEST_HOST)";
				CODE_SIGN_STYLE = Automatic;
				CURRENT_PROJECT_VERSION = 1;
				GENERATE_INFOPLIST_FILE = YES;
				IPHONEOS_DEPLOYMENT_TARGET = 17.4;
				MARKETING_VERSION = 1.0;
				PRODUCT_BUNDLE_IDENTIFIER = app.Usui.Crayon.PhotoMasterTests;
				PRODUCT_NAME = "$(TARGET_NAME)";
				SWIFT_EMIT_LOC_STRINGS = NO;
				SWIFT_VERSION = 5.0;
				TARGETED_DEVICE_FAMILY = "1,2";
				TEST_HOST = "$(BUILT_PRODUCTS_DIR)/PhotoMaster.app/$(BUNDLE_EXECUTABLE_FOLDER_PATH)/PhotoMaster";
			};
			name = Release;
		};
		379902512BEC93F4008B8CC5 /* Debug */ = {
			isa = XCBuildConfiguration;
			buildSettings = {
				ALWAYS_EMBED_SWIFT_STANDARD_LIBRARIES = YES;
				CODE_SIGN_STYLE = Automatic;
				CURRENT_PROJECT_VERSION = 1;
				GENERATE_INFOPLIST_FILE = YES;
				MARKETING_VERSION = 1.0;
				PRODUCT_BUNDLE_IDENTIFIER = app.Usui.Crayon.PhotoMasterUITests;
				PRODUCT_NAME = "$(TARGET_NAME)";
				SWIFT_EMIT_LOC_STRINGS = NO;
				SWIFT_VERSION = 5.0;
				TARGETED_DEVICE_FAMILY = "1,2";
				TEST_TARGET_NAME = PhotoMaster;
			};
			name = Debug;
		};
		379902522BEC93F4008B8CC5 /* Release */ = {
			isa = XCBuildConfiguration;
			buildSettings = {
				ALWAYS_EMBED_SWIFT_STANDARD_LIBRARIES = YES;
				CODE_SIGN_STYLE = Automatic;
				CURRENT_PROJECT_VERSION = 1;
				GENERATE_INFOPLIST_FILE = YES;
				MARKETING_VERSION = 1.0;
				PRODUCT_BUNDLE_IDENTIFIER = app.Usui.Crayon.PhotoMasterUITests;
				PRODUCT_NAME = "$(TARGET_NAME)";
				SWIFT_EMIT_LOC_STRINGS = NO;
				SWIFT_VERSION = 5.0;
				TARGETED_DEVICE_FAMILY = "1,2";
				TEST_TARGET_NAME = PhotoMaster;
			};
			name = Release;
		};
/* End XCBuildConfiguration section */

/* Begin XCConfigurationList section */
		3799021B2BEC93F1008B8CC5 /* Build configuration list for PBXProject "PhotoMaster" */ = {
			isa = XCConfigurationList;
			buildConfigurations = (
				379902482BEC93F4008B8CC5 /* Debug */,
				379902492BEC93F4008B8CC5 /* Release */,
			);
			defaultConfigurationIsVisible = 0;
			defaultConfigurationName = Release;
		};
		3799024A2BEC93F4008B8CC5 /* Build configuration list for PBXNativeTarget "PhotoMaster" */ = {
			isa = XCConfigurationList;
			buildConfigurations = (
				3799024B2BEC93F4008B8CC5 /* Debug */,
				3799024C2BEC93F4008B8CC5 /* Release */,
			);
			defaultConfigurationIsVisible = 0;
			defaultConfigurationName = Release;
		};
		3799024D2BEC93F4008B8CC5 /* Build configuration list for PBXNativeTarget "PhotoMasterTests" */ = {
			isa = XCConfigurationList;
			buildConfigurations = (
				3799024E2BEC93F4008B8CC5 /* Debug */,
				3799024F2BEC93F4008B8CC5 /* Release */,
			);
			defaultConfigurationIsVisible = 0;
			defaultConfigurationName = Release;
		};
		379902502BEC93F4008B8CC5 /* Build configuration list for PBXNativeTarget "PhotoMasterUITests" */ = {
			isa = XCConfigurationList;
			buildConfigurations = (
				379902512BEC93F4008B8CC5 /* Debug */,
				379902522BEC93F4008B8CC5 /* Release */,
			);
			defaultConfigurationIsVisible = 0;
			defaultConfigurationName = Release;
		};
/* End XCConfigurationList section */
	};
	rootObject = 379902182BEC93F1008B8CC5 /* Project object */;
}
